// !$*UTF8*$!
{
	archiveVersion = 1;
	classes = {
	};
	objectVersion = 70;
	objects = {

/* Begin PBXBuildFile section */
		1432FD942CDC22FF00DE5A55 /* StoryHuntersTests.swift in Sources */ = {isa = PBXBuildFile; fileRef = 1432FD932CDC22FF00DE5A55 /* StoryHuntersTests.swift */; };
		1432FD9E2CDC22FF00DE5A55 /* StoryHuntersUITests.swift in Sources */ = {isa = PBXBuildFile; fileRef = 1432FD9D2CDC22FF00DE5A55 /* StoryHuntersUITests.swift */; };
		1432FDA02CDC22FF00DE5A55 /* StoryHuntersUITestsLaunchTests.swift in Sources */ = {isa = PBXBuildFile; fileRef = 1432FD9F2CDC22FF00DE5A55 /* StoryHuntersUITestsLaunchTests.swift */; };
		27DFB25C2CDD50CA00C403B5 /* BooksTableViewCell.swift in Sources */ = {isa = PBXBuildFile; fileRef = 27DFB2472CDD50CA00C403B5 /* BooksTableViewCell.swift */; };
		27DFB25D2CDD50CA00C403B5 /* ViewController.swift in Sources */ = {isa = PBXBuildFile; fileRef = 27DFB2502CDD50CA00C403B5 /* ViewController.swift */; };
		27DFB25E2CDD50CA00C403B5 /* LibraryScreen.swift in Sources */ = {isa = PBXBuildFile; fileRef = 27DFB2482CDD50CA00C403B5 /* LibraryScreen.swift */; };
		27DFB25F2CDD50CA00C403B5 /* Configs.swift in Sources */ = {isa = PBXBuildFile; fileRef = 27DFB2542CDD50CA00C403B5 /* Configs.swift */; };
		27DFB2602CDD50CA00C403B5 /* Place.swift in Sources */ = {isa = PBXBuildFile; fileRef = 27DFB24F2CDD50CA00C403B5 /* Place.swift */; };
		27DFB2612CDD50CA00C403B5 /* LocationManager.swift in Sources */ = {isa = PBXBuildFile; fileRef = 27DFB24D2CDD50CA00C403B5 /* LocationManager.swift */; };
		27DFB2622CDD50CA00C403B5 /* AddBookScreenViewController.swift in Sources */ = {isa = PBXBuildFile; fileRef = 27DFB2452CDD50CA00C403B5 /* AddBookScreenViewController.swift */; };
		27DFB2632CDD50CA00C403B5 /* SceneDelegate.swift in Sources */ = {isa = PBXBuildFile; fileRef = 27DFB25A2CDD50CA00C403B5 /* SceneDelegate.swift */; };
		27DFB2642CDD50CA00C403B5 /* MapView.swift in Sources */ = {isa = PBXBuildFile; fileRef = 27DFB24B2CDD50CA00C403B5 /* MapView.swift */; };
		27DFB2652CDD50CA00C403B5 /* LibraryScreenViewController.swift in Sources */ = {isa = PBXBuildFile; fileRef = 27DFB2492CDD50CA00C403B5 /* LibraryScreenViewController.swift */; };
		27DFB2662CDD50CA00C403B5 /* AddBookScreen.swift in Sources */ = {isa = PBXBuildFile; fileRef = 27DFB2442CDD50CA00C403B5 /* AddBookScreen.swift */; };
		27DFB2672CDD50CA00C403B5 /* AppDelegate.swift in Sources */ = {isa = PBXBuildFile; fileRef = 27DFB2522CDD50CA00C403B5 /* AppDelegate.swift */; };
		27DFB2682CDD50CA00C403B5 /* MapAnnotationDelegate.swift in Sources */ = {isa = PBXBuildFile; fileRef = 27DFB24E2CDD50CA00C403B5 /* MapAnnotationDelegate.swift */; };
		27DFB26A2CDD50CA00C403B5 /* Main.storyboard in Resources */ = {isa = PBXBuildFile; fileRef = 27DFB2592CDD50CA00C403B5 /* Main.storyboard */; };
		27DFB26B2CDD50CA00C403B5 /* LaunchScreen.storyboard in Resources */ = {isa = PBXBuildFile; fileRef = 27DFB2572CDD50CA00C403B5 /* LaunchScreen.storyboard */; };
		27DFB26C2CDD50CA00C403B5 /* Assets.xcassets in Resources */ = {isa = PBXBuildFile; fileRef = 27DFB2532CDD50CA00C403B5 /* Assets.xcassets */; };
		27DFB2702CDD51A100C403B5 /* LoginScreenView.swift in Sources */ = {isa = PBXBuildFile; fileRef = 27DFB26D2CDD51A100C403B5 /* LoginScreenView.swift */; };
		27DFB2712CDD51A100C403B5 /* LoginScreenViewController.swift in Sources */ = {isa = PBXBuildFile; fileRef = 27DFB26E2CDD51A100C403B5 /* LoginScreenViewController.swift */; };
		27DFB2762CDD51AA00C403B5 /* RegisterScreenViewController.swift in Sources */ = {isa = PBXBuildFile; fileRef = 27DFB2742CDD51AA00C403B5 /* RegisterScreenViewController.swift */; };
		27DFB2772CDD51AA00C403B5 /* RegisterScreenView.swift in Sources */ = {isa = PBXBuildFile; fileRef = 27DFB2732CDD51AA00C403B5 /* RegisterScreenView.swift */; };
		27DFB2782CDD51AA00C403B5 /* RegisterFirebaseManager.swift in Sources */ = {isa = PBXBuildFile; fileRef = 27DFB2722CDD51AA00C403B5 /* RegisterFirebaseManager.swift */; };
		27DFB27A2CDD528700C403B5 /* GoogleService-Info.plist in Resources */ = {isa = PBXBuildFile; fileRef = 27DFB2792CDD528700C403B5 /* GoogleService-Info.plist */; };
		27DFB27D2CDD52D100C403B5 /* FirebaseAuth in Frameworks */ = {isa = PBXBuildFile; productRef = 27DFB27C2CDD52D100C403B5 /* FirebaseAuth */; };
		27DFB27F2CDD52D100C403B5 /* FirebaseFirestore in Frameworks */ = {isa = PBXBuildFile; productRef = 27DFB27E2CDD52D100C403B5 /* FirebaseFirestore */; };
		27DFB2812CDD52D100C403B5 /* FirebaseStorage in Frameworks */ = {isa = PBXBuildFile; productRef = 27DFB2802CDD52D100C403B5 /* FirebaseStorage */; };
/* End PBXBuildFile section */

/* Begin PBXContainerItemProxy section */
		1432FD902CDC22FF00DE5A55 /* PBXContainerItemProxy */ = {
			isa = PBXContainerItemProxy;
			containerPortal = 1432FD712CDC22FD00DE5A55 /* Project object */;
			proxyType = 1;
			remoteGlobalIDString = 1432FD782CDC22FD00DE5A55;
			remoteInfo = StoryHunters;
		};
		1432FD9A2CDC22FF00DE5A55 /* PBXContainerItemProxy */ = {
			isa = PBXContainerItemProxy;
			containerPortal = 1432FD712CDC22FD00DE5A55 /* Project object */;
			proxyType = 1;
			remoteGlobalIDString = 1432FD782CDC22FD00DE5A55;
			remoteInfo = StoryHunters;
		};
/* End PBXContainerItemProxy section */

/* Begin PBXFileReference section */
		1432FD792CDC22FD00DE5A55 /* StoryHunters.app */ = {isa = PBXFileReference; explicitFileType = wrapper.application; includeInIndex = 0; path = StoryHunters.app; sourceTree = BUILT_PRODUCTS_DIR; };
		1432FD8F2CDC22FF00DE5A55 /* StoryHuntersTests.xctest */ = {isa = PBXFileReference; explicitFileType = wrapper.cfbundle; includeInIndex = 0; path = StoryHuntersTests.xctest; sourceTree = BUILT_PRODUCTS_DIR; };
		1432FD932CDC22FF00DE5A55 /* StoryHuntersTests.swift */ = {isa = PBXFileReference; lastKnownFileType = sourcecode.swift; path = StoryHuntersTests.swift; sourceTree = "<group>"; };
		1432FD992CDC22FF00DE5A55 /* StoryHuntersUITests.xctest */ = {isa = PBXFileReference; explicitFileType = wrapper.cfbundle; includeInIndex = 0; path = StoryHuntersUITests.xctest; sourceTree = BUILT_PRODUCTS_DIR; };
		1432FD9D2CDC22FF00DE5A55 /* StoryHuntersUITests.swift */ = {isa = PBXFileReference; lastKnownFileType = sourcecode.swift; path = StoryHuntersUITests.swift; sourceTree = "<group>"; };
		1432FD9F2CDC22FF00DE5A55 /* StoryHuntersUITestsLaunchTests.swift */ = {isa = PBXFileReference; lastKnownFileType = sourcecode.swift; path = StoryHuntersUITestsLaunchTests.swift; sourceTree = "<group>"; };
		27DFB2442CDD50CA00C403B5 /* AddBookScreen.swift */ = {isa = PBXFileReference; lastKnownFileType = sourcecode.swift; path = AddBookScreen.swift; sourceTree = "<group>"; };
		27DFB2452CDD50CA00C403B5 /* AddBookScreenViewController.swift */ = {isa = PBXFileReference; lastKnownFileType = sourcecode.swift; path = AddBookScreenViewController.swift; sourceTree = "<group>"; };
		27DFB2472CDD50CA00C403B5 /* BooksTableViewCell.swift */ = {isa = PBXFileReference; lastKnownFileType = sourcecode.swift; path = BooksTableViewCell.swift; sourceTree = "<group>"; };
		27DFB2482CDD50CA00C403B5 /* LibraryScreen.swift */ = {isa = PBXFileReference; lastKnownFileType = sourcecode.swift; path = LibraryScreen.swift; sourceTree = "<group>"; };
		27DFB2492CDD50CA00C403B5 /* LibraryScreenViewController.swift */ = {isa = PBXFileReference; lastKnownFileType = sourcecode.swift; path = LibraryScreenViewController.swift; sourceTree = "<group>"; };
		27DFB24B2CDD50CA00C403B5 /* MapView.swift */ = {isa = PBXFileReference; lastKnownFileType = sourcecode.swift; path = MapView.swift; sourceTree = "<group>"; };
		27DFB24D2CDD50CA00C403B5 /* LocationManager.swift */ = {isa = PBXFileReference; lastKnownFileType = sourcecode.swift; path = LocationManager.swift; sourceTree = "<group>"; };
		27DFB24E2CDD50CA00C403B5 /* MapAnnotationDelegate.swift */ = {isa = PBXFileReference; lastKnownFileType = sourcecode.swift; path = MapAnnotationDelegate.swift; sourceTree = "<group>"; };
		27DFB24F2CDD50CA00C403B5 /* Place.swift */ = {isa = PBXFileReference; lastKnownFileType = sourcecode.swift; path = Place.swift; sourceTree = "<group>"; };
		27DFB2502CDD50CA00C403B5 /* ViewController.swift */ = {isa = PBXFileReference; lastKnownFileType = sourcecode.swift; path = ViewController.swift; sourceTree = "<group>"; };
		27DFB2522CDD50CA00C403B5 /* AppDelegate.swift */ = {isa = PBXFileReference; lastKnownFileType = sourcecode.swift; path = AppDelegate.swift; sourceTree = "<group>"; };
		27DFB2532CDD50CA00C403B5 /* Assets.xcassets */ = {isa = PBXFileReference; lastKnownFileType = folder.assetcatalog; path = Assets.xcassets; sourceTree = "<group>"; };
		27DFB2542CDD50CA00C403B5 /* Configs.swift */ = {isa = PBXFileReference; lastKnownFileType = sourcecode.swift; path = Configs.swift; sourceTree = "<group>"; };
		27DFB2552CDD50CA00C403B5 /* Info.plist */ = {isa = PBXFileReference; lastKnownFileType = text.plist.xml; path = Info.plist; sourceTree = "<group>"; };
		27DFB2562CDD50CA00C403B5 /* Base */ = {isa = PBXFileReference; lastKnownFileType = file.storyboard; name = Base; path = Base.lproj/LaunchScreen.storyboard; sourceTree = "<group>"; };
		27DFB2582CDD50CA00C403B5 /* Base */ = {isa = PBXFileReference; lastKnownFileType = file.storyboard; name = Base; path = Base.lproj/Main.storyboard; sourceTree = "<group>"; };
		27DFB25A2CDD50CA00C403B5 /* SceneDelegate.swift */ = {isa = PBXFileReference; lastKnownFileType = sourcecode.swift; path = SceneDelegate.swift; sourceTree = "<group>"; };
		27DFB26D2CDD51A100C403B5 /* LoginScreenView.swift */ = {isa = PBXFileReference; lastKnownFileType = sourcecode.swift; path = LoginScreenView.swift; sourceTree = "<group>"; };
		27DFB26E2CDD51A100C403B5 /* LoginScreenViewController.swift */ = {isa = PBXFileReference; lastKnownFileType = sourcecode.swift; path = LoginScreenViewController.swift; sourceTree = "<group>"; };
		27DFB2722CDD51AA00C403B5 /* RegisterFirebaseManager.swift */ = {isa = PBXFileReference; lastKnownFileType = sourcecode.swift; path = RegisterFirebaseManager.swift; sourceTree = "<group>"; };
		27DFB2732CDD51AA00C403B5 /* RegisterScreenView.swift */ = {isa = PBXFileReference; lastKnownFileType = sourcecode.swift; path = RegisterScreenView.swift; sourceTree = "<group>"; };
		27DFB2742CDD51AA00C403B5 /* RegisterScreenViewController.swift */ = {isa = PBXFileReference; lastKnownFileType = sourcecode.swift; path = RegisterScreenViewController.swift; sourceTree = "<group>"; };
		27DFB2792CDD528700C403B5 /* GoogleService-Info.plist */ = {isa = PBXFileReference; lastKnownFileType = text.plist.xml; path = "GoogleService-Info.plist"; sourceTree = "<group>"; };
/* End PBXFileReference section */

/* Begin PBXFileSystemSynchronizedRootGroup section */
		24BEF0172CE68F1F008E787F /* Profile */ = {isa = PBXFileSystemSynchronizedRootGroup; explicitFileTypes = {}; explicitFolders = (); path = Profile; sourceTree = "<group>"; };
/* End PBXFileSystemSynchronizedRootGroup section */

/* Begin PBXFrameworksBuildPhase section */
		1432FD762CDC22FD00DE5A55 /* Frameworks */ = {
			isa = PBXFrameworksBuildPhase;
			buildActionMask = 2147483647;
			files = (
				27DFB27D2CDD52D100C403B5 /* FirebaseAuth in Frameworks */,
				27DFB27F2CDD52D100C403B5 /* FirebaseFirestore in Frameworks */,
				27DFB2812CDD52D100C403B5 /* FirebaseStorage in Frameworks */,
			);
			runOnlyForDeploymentPostprocessing = 0;
		};
		1432FD8C2CDC22FF00DE5A55 /* Frameworks */ = {
			isa = PBXFrameworksBuildPhase;
			buildActionMask = 2147483647;
			files = (
			);
			runOnlyForDeploymentPostprocessing = 0;
		};
		1432FD962CDC22FF00DE5A55 /* Frameworks */ = {
			isa = PBXFrameworksBuildPhase;
			buildActionMask = 2147483647;
			files = (
			);
			runOnlyForDeploymentPostprocessing = 0;
		};
/* End PBXFrameworksBuildPhase section */

/* Begin PBXGroup section */
		1432FD702CDC22FD00DE5A55 = {
			isa = PBXGroup;
			children = (
				27DFB25B2CDD50CA00C403B5 /* StoryHunters */,
				1432FD922CDC22FF00DE5A55 /* StoryHuntersTests */,
				1432FD9C2CDC22FF00DE5A55 /* StoryHuntersUITests */,
				1432FD7A2CDC22FD00DE5A55 /* Products */,
			);
			sourceTree = "<group>";
		};
		1432FD7A2CDC22FD00DE5A55 /* Products */ = {
			isa = PBXGroup;
			children = (
				1432FD792CDC22FD00DE5A55 /* StoryHunters.app */,
				1432FD8F2CDC22FF00DE5A55 /* StoryHuntersTests.xctest */,
				1432FD992CDC22FF00DE5A55 /* StoryHuntersUITests.xctest */,
			);
			name = Products;
			sourceTree = "<group>";
		};
		1432FD922CDC22FF00DE5A55 /* StoryHuntersTests */ = {
			isa = PBXGroup;
			children = (
				1432FD932CDC22FF00DE5A55 /* StoryHuntersTests.swift */,
			);
			path = StoryHuntersTests;
			sourceTree = "<group>";
		};
		1432FD9C2CDC22FF00DE5A55 /* StoryHuntersUITests */ = {
			isa = PBXGroup;
			children = (
				1432FD9D2CDC22FF00DE5A55 /* StoryHuntersUITests.swift */,
				1432FD9F2CDC22FF00DE5A55 /* StoryHuntersUITestsLaunchTests.swift */,
			);
			path = StoryHuntersUITests;
			sourceTree = "<group>";
		};
		27DFB2462CDD50CA00C403B5 /* Add Book */ = {
			isa = PBXGroup;
			children = (
				27DFB2442CDD50CA00C403B5 /* AddBookScreen.swift */,
				27DFB2452CDD50CA00C403B5 /* AddBookScreenViewController.swift */,
			);
			path = "Add Book";
			sourceTree = "<group>";
		};
		27DFB24A2CDD50CA00C403B5 /* Little Library */ = {
			isa = PBXGroup;
			children = (
				27DFB2472CDD50CA00C403B5 /* BooksTableViewCell.swift */,
				27DFB2482CDD50CA00C403B5 /* LibraryScreen.swift */,
				27DFB2492CDD50CA00C403B5 /* LibraryScreenViewController.swift */,
			);
			path = "Little Library";
			sourceTree = "<group>";
		};
		27DFB24C2CDD50CA00C403B5 /* Views */ = {
			isa = PBXGroup;
			children = (
				27DFB24B2CDD50CA00C403B5 /* MapView.swift */,
			);
			path = Views;
			sourceTree = "<group>";
		};
		27DFB2512CDD50CA00C403B5 /* Main Screen */ = {
			isa = PBXGroup;
			children = (
				27DFB24C2CDD50CA00C403B5 /* Views */,
				27DFB24D2CDD50CA00C403B5 /* LocationManager.swift */,
				27DFB24E2CDD50CA00C403B5 /* MapAnnotationDelegate.swift */,
				27DFB24F2CDD50CA00C403B5 /* Place.swift */,
				27DFB2502CDD50CA00C403B5 /* ViewController.swift */,
			);
			path = "Main Screen";
			sourceTree = "<group>";
		};
		27DFB25B2CDD50CA00C403B5 /* StoryHunters */ = {
			isa = PBXGroup;
			children = (
				24BEF0172CE68F1F008E787F /* Profile */,
				27DFB2752CDD51AA00C403B5 /* RegisterScreen */,
				27DFB2462CDD50CA00C403B5 /* Add Book */,
				27DFB24A2CDD50CA00C403B5 /* Little Library */,
				27DFB2512CDD50CA00C403B5 /* Main Screen */,
				27DFB2522CDD50CA00C403B5 /* AppDelegate.swift */,
				27DFB2532CDD50CA00C403B5 /* Assets.xcassets */,
				27DFB2542CDD50CA00C403B5 /* Configs.swift */,
				27DFB2552CDD50CA00C403B5 /* Info.plist */,
				27DFB2792CDD528700C403B5 /* GoogleService-Info.plist */,
				27DFB2572CDD50CA00C403B5 /* LaunchScreen.storyboard */,
				27DFB2592CDD50CA00C403B5 /* Main.storyboard */,
				27DFB25A2CDD50CA00C403B5 /* SceneDelegate.swift */,
				27DFB26F2CDD51A100C403B5 /* LoginScreen */,
			);
			path = StoryHunters;
			sourceTree = "<group>";
		};
		27DFB26F2CDD51A100C403B5 /* LoginScreen */ = {
			isa = PBXGroup;
			children = (
				27DFB26D2CDD51A100C403B5 /* LoginScreenView.swift */,
				27DFB26E2CDD51A100C403B5 /* LoginScreenViewController.swift */,
			);
			path = LoginScreen;
			sourceTree = "<group>";
		};
		27DFB2752CDD51AA00C403B5 /* RegisterScreen */ = {
			isa = PBXGroup;
			children = (
				27DFB2722CDD51AA00C403B5 /* RegisterFirebaseManager.swift */,
				27DFB2732CDD51AA00C403B5 /* RegisterScreenView.swift */,
				27DFB2742CDD51AA00C403B5 /* RegisterScreenViewController.swift */,
			);
			path = RegisterScreen;
			sourceTree = "<group>";
		};
/* End PBXGroup section */

/* Begin PBXNativeTarget section */
		1432FD782CDC22FD00DE5A55 /* StoryHunters */ = {
			isa = PBXNativeTarget;
			buildConfigurationList = 1432FDA32CDC22FF00DE5A55 /* Build configuration list for PBXNativeTarget "StoryHunters" */;
			buildPhases = (
				1432FD752CDC22FD00DE5A55 /* Sources */,
				1432FD762CDC22FD00DE5A55 /* Frameworks */,
				1432FD772CDC22FD00DE5A55 /* Resources */,
			);
			buildRules = (
			);
			dependencies = (
			);
			fileSystemSynchronizedGroups = (
				24BEF0172CE68F1F008E787F /* Profile */,
			);
			name = StoryHunters;
			productName = StoryHunters;
			productReference = 1432FD792CDC22FD00DE5A55 /* StoryHunters.app */;
			productType = "com.apple.product-type.application";
		};
		1432FD8E2CDC22FF00DE5A55 /* StoryHuntersTests */ = {
			isa = PBXNativeTarget;
			buildConfigurationList = 1432FDA62CDC22FF00DE5A55 /* Build configuration list for PBXNativeTarget "StoryHuntersTests" */;
			buildPhases = (
				1432FD8B2CDC22FF00DE5A55 /* Sources */,
				1432FD8C2CDC22FF00DE5A55 /* Frameworks */,
				1432FD8D2CDC22FF00DE5A55 /* Resources */,
			);
			buildRules = (
			);
			dependencies = (
				1432FD912CDC22FF00DE5A55 /* PBXTargetDependency */,
			);
			name = StoryHuntersTests;
			productName = StoryHuntersTests;
			productReference = 1432FD8F2CDC22FF00DE5A55 /* StoryHuntersTests.xctest */;
			productType = "com.apple.product-type.bundle.unit-test";
		};
		1432FD982CDC22FF00DE5A55 /* StoryHuntersUITests */ = {
			isa = PBXNativeTarget;
			buildConfigurationList = 1432FDA92CDC22FF00DE5A55 /* Build configuration list for PBXNativeTarget "StoryHuntersUITests" */;
			buildPhases = (
				1432FD952CDC22FF00DE5A55 /* Sources */,
				1432FD962CDC22FF00DE5A55 /* Frameworks */,
				1432FD972CDC22FF00DE5A55 /* Resources */,
			);
			buildRules = (
			);
			dependencies = (
				1432FD9B2CDC22FF00DE5A55 /* PBXTargetDependency */,
			);
			name = StoryHuntersUITests;
			productName = StoryHuntersUITests;
			productReference = 1432FD992CDC22FF00DE5A55 /* StoryHuntersUITests.xctest */;
			productType = "com.apple.product-type.bundle.ui-testing";
		};
/* End PBXNativeTarget section */

/* Begin PBXProject section */
		1432FD712CDC22FD00DE5A55 /* Project object */ = {
			isa = PBXProject;
			attributes = {
				BuildIndependentTargetsInParallel = 1;
				LastSwiftUpdateCheck = 1540;
				LastUpgradeCheck = 1600;
				TargetAttributes = {
					1432FD782CDC22FD00DE5A55 = {
						CreatedOnToolsVersion = 15.4;
					};
					1432FD8E2CDC22FF00DE5A55 = {
						CreatedOnToolsVersion = 15.4;
						TestTargetID = 1432FD782CDC22FD00DE5A55;
					};
					1432FD982CDC22FF00DE5A55 = {
						CreatedOnToolsVersion = 15.4;
						TestTargetID = 1432FD782CDC22FD00DE5A55;
					};
				};
			};
			buildConfigurationList = 1432FD742CDC22FD00DE5A55 /* Build configuration list for PBXProject "StoryHunters" */;
			compatibilityVersion = "Xcode 14.0";
			developmentRegion = en;
			hasScannedForEncodings = 0;
			knownRegions = (
				en,
				Base,
			);
			mainGroup = 1432FD702CDC22FD00DE5A55;
			packageReferences = (
				27DFB27B2CDD52D100C403B5 /* XCRemoteSwiftPackageReference "firebase-ios-sdk" */,
			);
			productRefGroup = 1432FD7A2CDC22FD00DE5A55 /* Products */;
			projectDirPath = "";
			projectRoot = "";
			targets = (
				1432FD782CDC22FD00DE5A55 /* StoryHunters */,
				1432FD8E2CDC22FF00DE5A55 /* StoryHuntersTests */,
				1432FD982CDC22FF00DE5A55 /* StoryHuntersUITests */,
			);
		};
/* End PBXProject section */

/* Begin PBXResourcesBuildPhase section */
		1432FD772CDC22FD00DE5A55 /* Resources */ = {
			isa = PBXResourcesBuildPhase;
			buildActionMask = 2147483647;
			files = (
				27DFB26A2CDD50CA00C403B5 /* Main.storyboard in Resources */,
				27DFB27A2CDD528700C403B5 /* GoogleService-Info.plist in Resources */,
				27DFB26B2CDD50CA00C403B5 /* LaunchScreen.storyboard in Resources */,
				27DFB26C2CDD50CA00C403B5 /* Assets.xcassets in Resources */,
			);
			runOnlyForDeploymentPostprocessing = 0;
		};
		1432FD8D2CDC22FF00DE5A55 /* Resources */ = {
			isa = PBXResourcesBuildPhase;
			buildActionMask = 2147483647;
			files = (
			);
			runOnlyForDeploymentPostprocessing = 0;
		};
		1432FD972CDC22FF00DE5A55 /* Resources */ = {
			isa = PBXResourcesBuildPhase;
			buildActionMask = 2147483647;
			files = (
			);
			runOnlyForDeploymentPostprocessing = 0;
		};
/* End PBXResourcesBuildPhase section */

/* Begin PBXSourcesBuildPhase section */
		1432FD752CDC22FD00DE5A55 /* Sources */ = {
			isa = PBXSourcesBuildPhase;
			buildActionMask = 2147483647;
			files = (
				27DFB25C2CDD50CA00C403B5 /* BooksTableViewCell.swift in Sources */,
				27DFB2762CDD51AA00C403B5 /* RegisterScreenViewController.swift in Sources */,
				27DFB2772CDD51AA00C403B5 /* RegisterScreenView.swift in Sources */,
				27DFB2782CDD51AA00C403B5 /* RegisterFirebaseManager.swift in Sources */,
				27DFB25D2CDD50CA00C403B5 /* ViewController.swift in Sources */,
				27DFB25E2CDD50CA00C403B5 /* LibraryScreen.swift in Sources */,
				27DFB25F2CDD50CA00C403B5 /* Configs.swift in Sources */,
				27DFB2602CDD50CA00C403B5 /* Place.swift in Sources */,
				27DFB2612CDD50CA00C403B5 /* LocationManager.swift in Sources */,
				27DFB2622CDD50CA00C403B5 /* AddBookScreenViewController.swift in Sources */,
				27DFB2632CDD50CA00C403B5 /* SceneDelegate.swift in Sources */,
				27DFB2642CDD50CA00C403B5 /* MapView.swift in Sources */,
				27DFB2652CDD50CA00C403B5 /* LibraryScreenViewController.swift in Sources */,
				27DFB2702CDD51A100C403B5 /* LoginScreenView.swift in Sources */,
				27DFB2712CDD51A100C403B5 /* LoginScreenViewController.swift in Sources */,
				27DFB2662CDD50CA00C403B5 /* AddBookScreen.swift in Sources */,
				27DFB2672CDD50CA00C403B5 /* AppDelegate.swift in Sources */,
				27DFB2682CDD50CA00C403B5 /* MapAnnotationDelegate.swift in Sources */,
			);
			runOnlyForDeploymentPostprocessing = 0;
		};
		1432FD8B2CDC22FF00DE5A55 /* Sources */ = {
			isa = PBXSourcesBuildPhase;
			buildActionMask = 2147483647;
			files = (
				1432FD942CDC22FF00DE5A55 /* StoryHuntersTests.swift in Sources */,
			);
			runOnlyForDeploymentPostprocessing = 0;
		};
		1432FD952CDC22FF00DE5A55 /* Sources */ = {
			isa = PBXSourcesBuildPhase;
			buildActionMask = 2147483647;
			files = (
				1432FDA02CDC22FF00DE5A55 /* StoryHuntersUITestsLaunchTests.swift in Sources */,
				1432FD9E2CDC22FF00DE5A55 /* StoryHuntersUITests.swift in Sources */,
			);
			runOnlyForDeploymentPostprocessing = 0;
		};
/* End PBXSourcesBuildPhase section */

/* Begin PBXTargetDependency section */
		1432FD912CDC22FF00DE5A55 /* PBXTargetDependency */ = {
			isa = PBXTargetDependency;
			target = 1432FD782CDC22FD00DE5A55 /* StoryHunters */;
			targetProxy = 1432FD902CDC22FF00DE5A55 /* PBXContainerItemProxy */;
		};
		1432FD9B2CDC22FF00DE5A55 /* PBXTargetDependency */ = {
			isa = PBXTargetDependency;
			target = 1432FD782CDC22FD00DE5A55 /* StoryHunters */;
			targetProxy = 1432FD9A2CDC22FF00DE5A55 /* PBXContainerItemProxy */;
		};
/* End PBXTargetDependency section */

/* Begin PBXVariantGroup section */
		27DFB2572CDD50CA00C403B5 /* LaunchScreen.storyboard */ = {
			isa = PBXVariantGroup;
			children = (
				27DFB2562CDD50CA00C403B5 /* Base */,
			);
			name = LaunchScreen.storyboard;
			sourceTree = "<group>";
		};
		27DFB2592CDD50CA00C403B5 /* Main.storyboard */ = {
			isa = PBXVariantGroup;
			children = (
				27DFB2582CDD50CA00C403B5 /* Base */,
			);
			name = Main.storyboard;
			sourceTree = "<group>";
		};
/* End PBXVariantGroup section */

/* Begin XCBuildConfiguration section */
		1432FDA12CDC22FF00DE5A55 /* Debug */ = {
			isa = XCBuildConfiguration;
			buildSettings = {
				ALWAYS_SEARCH_USER_PATHS = NO;
				ASSETCATALOG_COMPILER_GENERATE_SWIFT_ASSET_SYMBOL_EXTENSIONS = YES;
				CLANG_ANALYZER_NONNULL = YES;
				CLANG_ANALYZER_NUMBER_OBJECT_CONVERSION = YES_AGGRESSIVE;
				CLANG_CXX_LANGUAGE_STANDARD = "gnu++20";
				CLANG_ENABLE_MODULES = YES;
				CLANG_ENABLE_OBJC_ARC = YES;
				CLANG_ENABLE_OBJC_WEAK = YES;
				CLANG_WARN_BLOCK_CAPTURE_AUTORELEASING = YES;
				CLANG_WARN_BOOL_CONVERSION = YES;
				CLANG_WARN_COMMA = YES;
				CLANG_WARN_CONSTANT_CONVERSION = YES;
				CLANG_WARN_DEPRECATED_OBJC_IMPLEMENTATIONS = YES;
				CLANG_WARN_DIRECT_OBJC_ISA_USAGE = YES_ERROR;
				CLANG_WARN_DOCUMENTATION_COMMENTS = YES;
				CLANG_WARN_EMPTY_BODY = YES;
				CLANG_WARN_ENUM_CONVERSION = YES;
				CLANG_WARN_INFINITE_RECURSION = YES;
				CLANG_WARN_INT_CONVERSION = YES;
				CLANG_WARN_NON_LITERAL_NULL_CONVERSION = YES;
				CLANG_WARN_OBJC_IMPLICIT_RETAIN_SELF = YES;
				CLANG_WARN_OBJC_LITERAL_CONVERSION = YES;
				CLANG_WARN_OBJC_ROOT_CLASS = YES_ERROR;
				CLANG_WARN_QUOTED_INCLUDE_IN_FRAMEWORK_HEADER = YES;
				CLANG_WARN_RANGE_LOOP_ANALYSIS = YES;
				CLANG_WARN_STRICT_PROTOTYPES = YES;
				CLANG_WARN_SUSPICIOUS_MOVE = YES;
				CLANG_WARN_UNGUARDED_AVAILABILITY = YES_AGGRESSIVE;
				CLANG_WARN_UNREACHABLE_CODE = YES;
				CLANG_WARN__DUPLICATE_METHOD_MATCH = YES;
				COPY_PHASE_STRIP = NO;
				DEBUG_INFORMATION_FORMAT = dwarf;
				ENABLE_STRICT_OBJC_MSGSEND = YES;
				ENABLE_TESTABILITY = YES;
				ENABLE_USER_SCRIPT_SANDBOXING = YES;
				GCC_C_LANGUAGE_STANDARD = gnu17;
				GCC_DYNAMIC_NO_PIC = NO;
				GCC_NO_COMMON_BLOCKS = YES;
				GCC_OPTIMIZATION_LEVEL = 0;
				GCC_PREPROCESSOR_DEFINITIONS = (
					"DEBUG=1",
					"$(inherited)",
				);
				GCC_WARN_64_TO_32_BIT_CONVERSION = YES;
				GCC_WARN_ABOUT_RETURN_TYPE = YES_ERROR;
				GCC_WARN_UNDECLARED_SELECTOR = YES;
				GCC_WARN_UNINITIALIZED_AUTOS = YES_AGGRESSIVE;
				GCC_WARN_UNUSED_FUNCTION = YES;
				GCC_WARN_UNUSED_VARIABLE = YES;
				IPHONEOS_DEPLOYMENT_TARGET = 17.5;
				LOCALIZATION_PREFERS_STRING_CATALOGS = YES;
				MTL_ENABLE_DEBUG_INFO = INCLUDE_SOURCE;
				MTL_FAST_MATH = YES;
				ONLY_ACTIVE_ARCH = YES;
				SDKROOT = iphoneos;
				SWIFT_ACTIVE_COMPILATION_CONDITIONS = "DEBUG $(inherited)";
				SWIFT_OPTIMIZATION_LEVEL = "-Onone";
			};
			name = Debug;
		};
		1432FDA22CDC22FF00DE5A55 /* Release */ = {
			isa = XCBuildConfiguration;
			buildSettings = {
				ALWAYS_SEARCH_USER_PATHS = NO;
				ASSETCATALOG_COMPILER_GENERATE_SWIFT_ASSET_SYMBOL_EXTENSIONS = YES;
				CLANG_ANALYZER_NONNULL = YES;
				CLANG_ANALYZER_NUMBER_OBJECT_CONVERSION = YES_AGGRESSIVE;
				CLANG_CXX_LANGUAGE_STANDARD = "gnu++20";
				CLANG_ENABLE_MODULES = YES;
				CLANG_ENABLE_OBJC_ARC = YES;
				CLANG_ENABLE_OBJC_WEAK = YES;
				CLANG_WARN_BLOCK_CAPTURE_AUTORELEASING = YES;
				CLANG_WARN_BOOL_CONVERSION = YES;
				CLANG_WARN_COMMA = YES;
				CLANG_WARN_CONSTANT_CONVERSION = YES;
				CLANG_WARN_DEPRECATED_OBJC_IMPLEMENTATIONS = YES;
				CLANG_WARN_DIRECT_OBJC_ISA_USAGE = YES_ERROR;
				CLANG_WARN_DOCUMENTATION_COMMENTS = YES;
				CLANG_WARN_EMPTY_BODY = YES;
				CLANG_WARN_ENUM_CONVERSION = YES;
				CLANG_WARN_INFINITE_RECURSION = YES;
				CLANG_WARN_INT_CONVERSION = YES;
				CLANG_WARN_NON_LITERAL_NULL_CONVERSION = YES;
				CLANG_WARN_OBJC_IMPLICIT_RETAIN_SELF = YES;
				CLANG_WARN_OBJC_LITERAL_CONVERSION = YES;
				CLANG_WARN_OBJC_ROOT_CLASS = YES_ERROR;
				CLANG_WARN_QUOTED_INCLUDE_IN_FRAMEWORK_HEADER = YES;
				CLANG_WARN_RANGE_LOOP_ANALYSIS = YES;
				CLANG_WARN_STRICT_PROTOTYPES = YES;
				CLANG_WARN_SUSPICIOUS_MOVE = YES;
				CLANG_WARN_UNGUARDED_AVAILABILITY = YES_AGGRESSIVE;
				CLANG_WARN_UNREACHABLE_CODE = YES;
				CLANG_WARN__DUPLICATE_METHOD_MATCH = YES;
				COPY_PHASE_STRIP = NO;
				DEBUG_INFORMATION_FORMAT = "dwarf-with-dsym";
				ENABLE_NS_ASSERTIONS = NO;
				ENABLE_STRICT_OBJC_MSGSEND = YES;
				ENABLE_USER_SCRIPT_SANDBOXING = YES;
				GCC_C_LANGUAGE_STANDARD = gnu17;
				GCC_NO_COMMON_BLOCKS = YES;
				GCC_WARN_64_TO_32_BIT_CONVERSION = YES;
				GCC_WARN_ABOUT_RETURN_TYPE = YES_ERROR;
				GCC_WARN_UNDECLARED_SELECTOR = YES;
				GCC_WARN_UNINITIALIZED_AUTOS = YES_AGGRESSIVE;
				GCC_WARN_UNUSED_FUNCTION = YES;
				GCC_WARN_UNUSED_VARIABLE = YES;
				IPHONEOS_DEPLOYMENT_TARGET = 17.5;
				LOCALIZATION_PREFERS_STRING_CATALOGS = YES;
				MTL_ENABLE_DEBUG_INFO = NO;
				MTL_FAST_MATH = YES;
				SDKROOT = iphoneos;
				SWIFT_COMPILATION_MODE = wholemodule;
				VALIDATE_PRODUCT = YES;
			};
			name = Release;
		};
		1432FDA42CDC22FF00DE5A55 /* Debug */ = {
			isa = XCBuildConfiguration;
			buildSettings = {
				ASSETCATALOG_COMPILER_APPICON_NAME = AppIcon;
				ASSETCATALOG_COMPILER_GLOBAL_ACCENT_COLOR_NAME = AccentColor;
				CODE_SIGN_STYLE = Automatic;
				CURRENT_PROJECT_VERSION = 1;
				GENERATE_INFOPLIST_FILE = YES;
				INFOPLIST_FILE = StoryHunters/Info.plist;
				INFOPLIST_KEY_UIApplicationSupportsIndirectInputEvents = YES;
				INFOPLIST_KEY_UILaunchStoryboardName = LaunchScreen;
				INFOPLIST_KEY_UIMainStoryboardFile = Main;
				INFOPLIST_KEY_UISupportedInterfaceOrientations_iPad = "UIInterfaceOrientationPortrait UIInterfaceOrientationPortraitUpsideDown UIInterfaceOrientationLandscapeLeft UIInterfaceOrientationLandscapeRight";
				INFOPLIST_KEY_UISupportedInterfaceOrientations_iPhone = "UIInterfaceOrientationPortrait UIInterfaceOrientationLandscapeLeft UIInterfaceOrientationLandscapeRight";
				LD_RUNPATH_SEARCH_PATHS = (
					"$(inherited)",
					"@executable_path/Frameworks",
				);
				MARKETING_VERSION = 1.0;
				PRODUCT_BUNDLE_IDENTIFIER = com.nuios.StoryHunters;
				PRODUCT_NAME = "$(TARGET_NAME)";
				SWIFT_EMIT_LOC_STRINGS = YES;
				SWIFT_VERSION = 5.0;
				TARGETED_DEVICE_FAMILY = "1,2";
			};
			name = Debug;
		};
		1432FDA52CDC22FF00DE5A55 /* Release */ = {
			isa = XCBuildConfiguration;
			buildSettings = {
				ASSETCATALOG_COMPILER_APPICON_NAME = AppIcon;
				ASSETCATALOG_COMPILER_GLOBAL_ACCENT_COLOR_NAME = AccentColor;
				CODE_SIGN_STYLE = Automatic;
				CURRENT_PROJECT_VERSION = 1;
				GENERATE_INFOPLIST_FILE = YES;
				INFOPLIST_FILE = StoryHunters/Info.plist;
				INFOPLIST_KEY_UIApplicationSupportsIndirectInputEvents = YES;
				INFOPLIST_KEY_UILaunchStoryboardName = LaunchScreen;
				INFOPLIST_KEY_UIMainStoryboardFile = Main;
				INFOPLIST_KEY_UISupportedInterfaceOrientations_iPad = "UIInterfaceOrientationPortrait UIInterfaceOrientationPortraitUpsideDown UIInterfaceOrientationLandscapeLeft UIInterfaceOrientationLandscapeRight";
				INFOPLIST_KEY_UISupportedInterfaceOrientations_iPhone = "UIInterfaceOrientationPortrait UIInterfaceOrientationLandscapeLeft UIInterfaceOrientationLandscapeRight";
				LD_RUNPATH_SEARCH_PATHS = (
					"$(inherited)",
					"@executable_path/Frameworks",
				);
				MARKETING_VERSION = 1.0;
				PRODUCT_BUNDLE_IDENTIFIER = com.nuios.StoryHunters;
				PRODUCT_NAME = "$(TARGET_NAME)";
				SWIFT_EMIT_LOC_STRINGS = YES;
				SWIFT_VERSION = 5.0;
				TARGETED_DEVICE_FAMILY = "1,2";
			};
			name = Release;
		};
		1432FDA72CDC22FF00DE5A55 /* Debug */ = {
			isa = XCBuildConfiguration;
			buildSettings = {
				BUNDLE_LOADER = "$(TEST_HOST)";
				CODE_SIGN_STYLE = Automatic;
				CURRENT_PROJECT_VERSION = 1;
				GENERATE_INFOPLIST_FILE = YES;
				IPHONEOS_DEPLOYMENT_TARGET = 17.5;
				MARKETING_VERSION = 1.0;
				PRODUCT_BUNDLE_IDENTIFIER = com.nuios.StoryHuntersTests;
				PRODUCT_NAME = "$(TARGET_NAME)";
				SWIFT_EMIT_LOC_STRINGS = NO;
				SWIFT_VERSION = 5.0;
				TARGETED_DEVICE_FAMILY = "1,2";
				TEST_HOST = "$(BUILT_PRODUCTS_DIR)/StoryHunters.app/$(BUNDLE_EXECUTABLE_FOLDER_PATH)/StoryHunters";
			};
			name = Debug;
		};
		1432FDA82CDC22FF00DE5A55 /* Release */ = {
			isa = XCBuildConfiguration;
			buildSettings = {
				BUNDLE_LOADER = "$(TEST_HOST)";
				CODE_SIGN_STYLE = Automatic;
				CURRENT_PROJECT_VERSION = 1;
				GENERATE_INFOPLIST_FILE = YES;
				IPHONEOS_DEPLOYMENT_TARGET = 17.5;
				MARKETING_VERSION = 1.0;
				PRODUCT_BUNDLE_IDENTIFIER = com.nuios.StoryHuntersTests;
				PRODUCT_NAME = "$(TARGET_NAME)";
				SWIFT_EMIT_LOC_STRINGS = NO;
				SWIFT_VERSION = 5.0;
				TARGETED_DEVICE_FAMILY = "1,2";
				TEST_HOST = "$(BUILT_PRODUCTS_DIR)/StoryHunters.app/$(BUNDLE_EXECUTABLE_FOLDER_PATH)/StoryHunters";
			};
			name = Release;
		};
		1432FDAA2CDC22FF00DE5A55 /* Debug */ = {
			isa = XCBuildConfiguration;
			buildSettings = {
				CODE_SIGN_STYLE = Automatic;
				CURRENT_PROJECT_VERSION = 1;
				GENERATE_INFOPLIST_FILE = YES;
				MARKETING_VERSION = 1.0;
				PRODUCT_BUNDLE_IDENTIFIER = com.nuios.StoryHuntersUITests;
				PRODUCT_NAME = "$(TARGET_NAME)";
				SWIFT_EMIT_LOC_STRINGS = NO;
				SWIFT_VERSION = 5.0;
				TARGETED_DEVICE_FAMILY = "1,2";
				TEST_TARGET_NAME = StoryHunters;
			};
			name = Debug;
		};
		1432FDAB2CDC22FF00DE5A55 /* Release */ = {
			isa = XCBuildConfiguration;
			buildSettings = {
				CODE_SIGN_STYLE = Automatic;
				CURRENT_PROJECT_VERSION = 1;
				GENERATE_INFOPLIST_FILE = YES;
				MARKETING_VERSION = 1.0;
				PRODUCT_BUNDLE_IDENTIFIER = com.nuios.StoryHuntersUITests;
				PRODUCT_NAME = "$(TARGET_NAME)";
				SWIFT_EMIT_LOC_STRINGS = NO;
				SWIFT_VERSION = 5.0;
				TARGETED_DEVICE_FAMILY = "1,2";
				TEST_TARGET_NAME = StoryHunters;
			};
			name = Release;
		};
/* End XCBuildConfiguration section */

/* Begin XCConfigurationList section */
		1432FD742CDC22FD00DE5A55 /* Build configuration list for PBXProject "StoryHunters" */ = {
			isa = XCConfigurationList;
			buildConfigurations = (
				1432FDA12CDC22FF00DE5A55 /* Debug */,
				1432FDA22CDC22FF00DE5A55 /* Release */,
			);
			defaultConfigurationIsVisible = 0;
			defaultConfigurationName = Release;
		};
		1432FDA32CDC22FF00DE5A55 /* Build configuration list for PBXNativeTarget "StoryHunters" */ = {
			isa = XCConfigurationList;
			buildConfigurations = (
				1432FDA42CDC22FF00DE5A55 /* Debug */,
				1432FDA52CDC22FF00DE5A55 /* Release */,
			);
			defaultConfigurationIsVisible = 0;
			defaultConfigurationName = Release;
		};
		1432FDA62CDC22FF00DE5A55 /* Build configuration list for PBXNativeTarget "StoryHuntersTests" */ = {
			isa = XCConfigurationList;
			buildConfigurations = (
				1432FDA72CDC22FF00DE5A55 /* Debug */,
				1432FDA82CDC22FF00DE5A55 /* Release */,
			);
			defaultConfigurationIsVisible = 0;
			defaultConfigurationName = Release;
		};
		1432FDA92CDC22FF00DE5A55 /* Build configuration list for PBXNativeTarget "StoryHuntersUITests" */ = {
			isa = XCConfigurationList;
			buildConfigurations = (
				1432FDAA2CDC22FF00DE5A55 /* Debug */,
				1432FDAB2CDC22FF00DE5A55 /* Release */,
			);
			defaultConfigurationIsVisible = 0;
			defaultConfigurationName = Release;
		};
/* End XCConfigurationList section */

/* Begin XCRemoteSwiftPackageReference section */
		27DFB27B2CDD52D100C403B5 /* XCRemoteSwiftPackageReference "firebase-ios-sdk" */ = {
			isa = XCRemoteSwiftPackageReference;
			repositoryURL = "https://github.com/firebase/firebase-ios-sdk";
			requirement = {
				kind = upToNextMajorVersion;
				minimumVersion = 11.4.0;
			};
		};
/* End XCRemoteSwiftPackageReference section */

/* Begin XCSwiftPackageProductDependency section */
		27DFB27C2CDD52D100C403B5 /* FirebaseAuth */ = {
			isa = XCSwiftPackageProductDependency;
			package = 27DFB27B2CDD52D100C403B5 /* XCRemoteSwiftPackageReference "firebase-ios-sdk" */;
			productName = FirebaseAuth;
		};
		27DFB27E2CDD52D100C403B5 /* FirebaseFirestore */ = {
			isa = XCSwiftPackageProductDependency;
			package = 27DFB27B2CDD52D100C403B5 /* XCRemoteSwiftPackageReference "firebase-ios-sdk" */;
			productName = FirebaseFirestore;
		};
		27DFB2802CDD52D100C403B5 /* FirebaseStorage */ = {
			isa = XCSwiftPackageProductDependency;
			package = 27DFB27B2CDD52D100C403B5 /* XCRemoteSwiftPackageReference "firebase-ios-sdk" */;
			productName = FirebaseStorage;
		};
/* End XCSwiftPackageProductDependency section */
	};
	rootObject = 1432FD712CDC22FD00DE5A55 /* Project object */;
}
